
Microsoft Visual Studio Solution File, Format Version 12.00
# Visual Studio 2013
VisualStudioVersion = 12.0.21005.1
MinimumVisualStudioVersion = 10.0.40219.1
Project("{FAE04EC0-301F-11D3-BF4B-00C04F79EFBC}") = "Task1", "Task1\Task1.csproj", "{EBE020BA-FE66-4B8C-AC9E-0F4E86CA917D}"
EndProject
Project("{FAE04EC0-301F-11D3-BF4B-00C04F79EFBC}") = "Task2", "Task2\Task2.csproj", "{F73AE504-0085-4CAE-92C0-3B5D5E09A59B}"
EndProject
Project("{FAE04EC0-301F-11D3-BF4B-00C04F79EFBC}") = "Task3", "Task3\Task3.csproj", "{68D8A139-E693-4299-9024-F635274A6E5D}"
EndProject
Project("{FAE04EC0-301F-11D3-BF4B-00C04F79EFBC}") = "Task4", "Task4\Task4.csproj", "{C0B0BC06-7F2F-452A-AAC3-2014BF7C0352}"
EndProject
Project("{FAE04EC0-301F-11D3-BF4B-00C04F79EFBC}") = "Task5", "Task5\Task5.csproj", "{DB1A0632-18B4-467F-9D31-88A997761A1B}"
EndProject
Project("{FAE04EC0-301F-11D3-BF4B-00C04F79EFBC}") = "Task6", "Task6\Task6.csproj", "{C32460AB-E477-4987-B500-A13E64B8D14D}"
EndProject
Project("{FAE04EC0-301F-11D3-BF4B-00C04F79EFBC}") = "Task7", "Task7\Task7.csproj", "{86ED64FE-AC29-4876-806C-AE6B16A9AFC6}"
EndProject
Global
	GlobalSection(SolutionConfigurationPlatforms) = preSolution
		Debug|Any CPU = Debug|Any CPU
		Release|Any CPU = Release|Any CPU
	EndGlobalSection
	GlobalSection(ProjectConfigurationPlatforms) = postSolution
		{EBE020BA-FE66-4B8C-AC9E-0F4E86CA917D}.Debug|Any CPU.ActiveCfg = Debug|Any CPU
		{EBE020BA-FE66-4B8C-AC9E-0F4E86CA917D}.Debug|Any CPU.Build.0 = Debug|Any CPU
		{EBE020BA-FE66-4B8C-AC9E-0F4E86CA917D}.Release|Any CPU.ActiveCfg = Release|Any CPU
		{EBE020BA-FE66-4B8C-AC9E-0F4E86CA917D}.Release|Any CPU.Build.0 = Release|Any CPU
		{F73AE504-0085-4CAE-92C0-3B5D5E09A59B}.Debug|Any CPU.ActiveCfg = Debug|Any CPU
		{F73AE504-0085-4CAE-92C0-3B5D5E09A59B}.Debug|Any CPU.Build.0 = Debug|Any CPU
		{F73AE504-0085-4CAE-92C0-3B5D5E09A59B}.Release|Any CPU.ActiveCfg = Release|Any CPU
		{F73AE504-0085-4CAE-92C0-3B5D5E09A59B}.Release|Any CPU.Build.0 = Release|Any CPU
		{68D8A139-E693-4299-9024-F635274A6E5D}.Debug|Any CPU.ActiveCfg = Debug|Any CPU
		{68D8A139-E693-4299-9024-F635274A6E5D}.Debug|Any CPU.Build.0 = Debug|Any CPU
		{68D8A139-E693-4299-9024-F635274A6E5D}.Release|Any CPU.ActiveCfg = Release|Any CPU
		{68D8A139-E693-4299-9024-F635274A6E5D}.Release|Any CPU.Build.0 = Release|Any CPU
		{C0B0BC06-7F2F-452A-AAC3-2014BF7C0352}.Debug|Any CPU.ActiveCfg = Debug|Any CPU
		{C0B0BC06-7F2F-452A-AAC3-2014BF7C0352}.Debug|Any CPU.Build.0 = Debug|Any CPU
		{C0B0BC06-7F2F-452A-AAC3-2014BF7C0352}.Release|Any CPU.ActiveCfg = Release|Any CPU
		{C0B0BC06-7F2F-452A-AAC3-2014BF7C0352}.Release|Any CPU.Build.0 = Release|Any CPU
		{DB1A0632-18B4-467F-9D31-88A997761A1B}.Debug|Any CPU.ActiveCfg = Debug|Any CPU
		{DB1A0632-18B4-467F-9D31-88A997761A1B}.Debug|Any CPU.Build.0 = Debug|Any CPU
		{DB1A0632-18B4-467F-9D31-88A997761A1B}.Release|Any CPU.ActiveCfg = Release|Any CPU
		{DB1A0632-18B4-467F-9D31-88A997761A1B}.Release|Any CPU.Build.0 = Release|Any CPU
		{C32460AB-E477-4987-B500-A13E64B8D14D}.Debug|Any CPU.ActiveCfg = Debug|Any CPU
		{C32460AB-E477-4987-B500-A13E64B8D14D}.Debug|Any CPU.Build.0 = Debug|Any CPU
		{C32460AB-E477-4987-B500-A13E64B8D14D}.Release|Any CPU.ActiveCfg = Release|Any CPU
		{C32460AB-E477-4987-B500-A13E64B8D14D}.Release|Any CPU.Build.0 = Release|Any CPU
		{86ED64FE-AC29-4876-806C-AE6B16A9AFC6}.Debug|Any CPU.ActiveCfg = Debug|Any CPU
		{86ED64FE-AC29-4876-806C-AE6B16A9AFC6}.Debug|Any CPU.Build.0 = Debug|Any CPU
		{86ED64FE-AC29-4876-806C-AE6B16A9AFC6}.Release|Any CPU.ActiveCfg = Release|Any CPU
		{86ED64FE-AC29-4876-806C-AE6B16A9AFC6}.Release|Any CPU.Build.0 = Release|Any CPU
	EndGlobalSection
	GlobalSection(SolutionProperties) = preSolution
		HideSolutionNode = FALSE
	EndGlobalSection
EndGlobal
